// !$*UTF8*$!
{
	archiveVersion = 1;
	classes = {
	};
	objectVersion = 63;
	objects = {

/* Begin PBXBuildFile section */
		491B5E112BAF04DD0078F00B /* Fitness_AppApp.swift in Sources */ = {isa = PBXBuildFile; fileRef = 491B5E102BAF04DD0078F00B /* Fitness_AppApp.swift */; };
		491B5E132BAF04DD0078F00B /* StartUp.swift in Sources */ = {isa = PBXBuildFile; fileRef = 491B5E122BAF04DD0078F00B /* StartUp.swift */; };
		491B5E152BAF04DE0078F00B /* Assets.xcassets in Resources */ = {isa = PBXBuildFile; fileRef = 491B5E142BAF04DE0078F00B /* Assets.xcassets */; };
		491B5E182BAF04DE0078F00B /* Preview Assets.xcassets in Resources */ = {isa = PBXBuildFile; fileRef = 491B5E172BAF04DE0078F00B /* Preview Assets.xcassets */; };
		4920B9022CF1108F000ABA1A /* GoogleService-Info.plist in Resources */ = {isa = PBXBuildFile; fileRef = 4920B9012CF1108F000ABA1A /* GoogleService-Info.plist */; };
		4920B9052CF111E6000ABA1A /* FirebaseAuth in Frameworks */ = {isa = PBXBuildFile; productRef = 4920B9042CF111E6000ABA1A /* FirebaseAuth */; };
		4920B9072CF111E6000ABA1A /* FirebaseFirestore in Frameworks */ = {isa = PBXBuildFile; productRef = 4920B9062CF111E6000ABA1A /* FirebaseFirestore */; };
		4920B9092CF111E6000ABA1A /* FirebaseStorage in Frameworks */ = {isa = PBXBuildFile; productRef = 4920B9082CF111E6000ABA1A /* FirebaseStorage */; };
		493CF90D2D00EF83003654A2 /* AuthModel.swift in Sources */ = {isa = PBXBuildFile; fileRef = 493CF90C2D00EF6E003654A2 /* AuthModel.swift */; };
		49726EFC2CD02A27004814B3 /* PreviewSampleData.swift in Sources */ = {isa = PBXBuildFile; fileRef = 49726EFB2CD02A27004814B3 /* PreviewSampleData.swift */; };
		49726EFE2CD02D27004814B3 /* PreviewExerciseData.swift in Sources */ = {isa = PBXBuildFile; fileRef = 49726EFD2CD02D27004814B3 /* PreviewExerciseData.swift */; };
		49991E4A2C94A21700DAD4F8 /* WorkoutForm.swift in Sources */ = {isa = PBXBuildFile; fileRef = 49991E492C94A21700DAD4F8 /* WorkoutForm.swift */; };
		49A2C7CE2C4044BB000E6B7D /* ExercisesView.swift in Sources */ = {isa = PBXBuildFile; fileRef = 49A2C7CD2C4044BB000E6B7D /* ExercisesView.swift */; };
		49A3A0B92C17B67B00121870 /* NameView.swift in Sources */ = {isa = PBXBuildFile; fileRef = 49A3A0B82C17B67B00121870 /* NameView.swift */; };
		49A92CFC2CBEE5FD007C3C6D /* EditGroupView.swift in Sources */ = {isa = PBXBuildFile; fileRef = 49A92CFB2CBEE5FD007C3C6D /* EditGroupView.swift */; };
		49AA39E62C29F2D5005CE713 /* DetailsField.swift in Sources */ = {isa = PBXBuildFile; fileRef = 49AA39E52C29F2D5005CE713 /* DetailsField.swift */; };
		49AA39E82C29F437005CE713 /* Toolbar.swift in Sources */ = {isa = PBXBuildFile; fileRef = 49AA39E72C29F437005CE713 /* Toolbar.swift */; };
		49AF5A9B2C12545300ED6417 /* SignInView.swift in Sources */ = {isa = PBXBuildFile; fileRef = 49AF5A9A2C12545300ED6417 /* SignInView.swift */; };
		49B25E6D2C3C839D00BC8907 /* LogInDetailsView.swift in Sources */ = {isa = PBXBuildFile; fileRef = 49B25E6C2C3C839D00BC8907 /* LogInDetailsView.swift */; };
		49B8488B2CAC64120022F9BE /* NewExerciseDisclosureStyle.swift in Sources */ = {isa = PBXBuildFile; fileRef = 49B8488A2CAC64120022F9BE /* NewExerciseDisclosureStyle.swift */; };
		49B8488D2CAC69980022F9BE /* ChevronDisclosureStyle.swift in Sources */ = {isa = PBXBuildFile; fileRef = 49B8488C2CAC69980022F9BE /* ChevronDisclosureStyle.swift */; };
		49B9DE912C5171C800B4B43D /* ExercisesCategory.swift in Sources */ = {isa = PBXBuildFile; fileRef = 49B9DE902C5171C800B4B43D /* ExercisesCategory.swift */; };
		49BBF15C2C88F3BC00AAAE4D /* User.swift in Sources */ = {isa = PBXBuildFile; fileRef = 49BBF15B2C88F3BC00AAAE4D /* User.swift */; };
		49BC120E2CAB1C5900FD1C14 /* Create New Exercise View.swift in Sources */ = {isa = PBXBuildFile; fileRef = 49BC120D2CAB1C5900FD1C14 /* Create New Exercise View.swift */; };
		49C399D42CA5ED690034B47A /* ExerciseData.swift in Sources */ = {isa = PBXBuildFile; fileRef = 49C399D32CA5ED690034B47A /* ExerciseData.swift */; };
		49C4D2492C24BC7D0046F1AC /* DetailsView.swift in Sources */ = {isa = PBXBuildFile; fileRef = 49C4D2482C24BC7D0046F1AC /* DetailsView.swift */; };
		49D388642BF6FBAE009B0858 /* BackgroundColor.swift in Sources */ = {isa = PBXBuildFile; fileRef = 49D388632BF6FBAE009B0858 /* BackgroundColor.swift */; };
		49D71B602C45AB7500883CCC /* TabBar.swift in Sources */ = {isa = PBXBuildFile; fileRef = 49D71B5F2C45AB7500883CCC /* TabBar.swift */; };
		49D71B622C45B8CF00883CCC /* NutritionView.swift in Sources */ = {isa = PBXBuildFile; fileRef = 49D71B612C45B8CF00883CCC /* NutritionView.swift */; };
		49D71B692C45BA7C00883CCC /* ProfileView.swift in Sources */ = {isa = PBXBuildFile; fileRef = 49D71B682C45BA7C00883CCC /* ProfileView.swift */; };
		49D84EC62C90E14600CA0016 /* ExerciseGroupView.swift in Sources */ = {isa = PBXBuildFile; fileRef = 49D84EC52C90E14600CA0016 /* ExerciseGroupView.swift */; };
		49DAE5432BDB62F200C71C43 /* Input.swift in Sources */ = {isa = PBXBuildFile; fileRef = 49DAE5422BDB62F200C71C43 /* Input.swift */; };
/* End PBXBuildFile section */

/* Begin PBXFileReference section */
		491B5E0D2BAF04DD0078F00B /* Fitness App.app */ = {isa = PBXFileReference; explicitFileType = wrapper.application; includeInIndex = 0; path = "Fitness App.app"; sourceTree = BUILT_PRODUCTS_DIR; };
		491B5E102BAF04DD0078F00B /* Fitness_AppApp.swift */ = {isa = PBXFileReference; lastKnownFileType = sourcecode.swift; path = Fitness_AppApp.swift; sourceTree = "<group>"; };
		491B5E122BAF04DD0078F00B /* StartUp.swift */ = {isa = PBXFileReference; lastKnownFileType = sourcecode.swift; name = StartUp.swift; path = ../Root/StartUp.swift; sourceTree = "<group>"; };
		491B5E142BAF04DE0078F00B /* Assets.xcassets */ = {isa = PBXFileReference; lastKnownFileType = folder.assetcatalog; path = Assets.xcassets; sourceTree = "<group>"; };
		491B5E172BAF04DE0078F00B /* Preview Assets.xcassets */ = {isa = PBXFileReference; lastKnownFileType = folder.assetcatalog; path = "Preview Assets.xcassets"; sourceTree = "<group>"; };
		4920B9012CF1108F000ABA1A /* GoogleService-Info.plist */ = {isa = PBXFileReference; lastKnownFileType = text.plist.xml; path = "GoogleService-Info.plist"; sourceTree = "<group>"; };
		493CF90C2D00EF6E003654A2 /* AuthModel.swift */ = {isa = PBXFileReference; lastKnownFileType = sourcecode.swift; path = AuthModel.swift; sourceTree = "<group>"; };
		49726EFB2CD02A27004814B3 /* PreviewSampleData.swift */ = {isa = PBXFileReference; lastKnownFileType = sourcecode.swift; path = PreviewSampleData.swift; sourceTree = "<group>"; };
		49726EFD2CD02D27004814B3 /* PreviewExerciseData.swift */ = {isa = PBXFileReference; lastKnownFileType = sourcecode.swift; path = PreviewExerciseData.swift; sourceTree = "<group>"; };
		49991E492C94A21700DAD4F8 /* WorkoutForm.swift */ = {isa = PBXFileReference; lastKnownFileType = sourcecode.swift; path = WorkoutForm.swift; sourceTree = "<group>"; };
		49A2C7CD2C4044BB000E6B7D /* ExercisesView.swift */ = {isa = PBXFileReference; lastKnownFileType = sourcecode.swift; path = ExercisesView.swift; sourceTree = "<group>"; };
		49A3A0B82C17B67B00121870 /* NameView.swift */ = {isa = PBXFileReference; lastKnownFileType = sourcecode.swift; path = NameView.swift; sourceTree = "<group>"; };
		49A92CFB2CBEE5FD007C3C6D /* EditGroupView.swift */ = {isa = PBXFileReference; lastKnownFileType = sourcecode.swift; path = EditGroupView.swift; sourceTree = "<group>"; };
		49AA39E52C29F2D5005CE713 /* DetailsField.swift */ = {isa = PBXFileReference; lastKnownFileType = sourcecode.swift; path = DetailsField.swift; sourceTree = "<group>"; };
		49AA39E72C29F437005CE713 /* Toolbar.swift */ = {isa = PBXFileReference; lastKnownFileType = sourcecode.swift; path = Toolbar.swift; sourceTree = "<group>"; };
		49AF5A9A2C12545300ED6417 /* SignInView.swift */ = {isa = PBXFileReference; lastKnownFileType = sourcecode.swift; path = SignInView.swift; sourceTree = "<group>"; };
		49B25E6C2C3C839D00BC8907 /* LogInDetailsView.swift */ = {isa = PBXFileReference; lastKnownFileType = sourcecode.swift; path = LogInDetailsView.swift; sourceTree = "<group>"; };
		49B8488A2CAC64120022F9BE /* NewExerciseDisclosureStyle.swift */ = {isa = PBXFileReference; lastKnownFileType = sourcecode.swift; path = NewExerciseDisclosureStyle.swift; sourceTree = "<group>"; };
		49B8488C2CAC69980022F9BE /* ChevronDisclosureStyle.swift */ = {isa = PBXFileReference; lastKnownFileType = sourcecode.swift; path = ChevronDisclosureStyle.swift; sourceTree = "<group>"; };
		49B9DE902C5171C800B4B43D /* ExercisesCategory.swift */ = {isa = PBXFileReference; lastKnownFileType = sourcecode.swift; path = ExercisesCategory.swift; sourceTree = "<group>"; };
		49BBF15B2C88F3BC00AAAE4D /* User.swift */ = {isa = PBXFileReference; lastKnownFileType = sourcecode.swift; path = User.swift; sourceTree = "<group>"; };
		49BC120D2CAB1C5900FD1C14 /* Create New Exercise View.swift */ = {isa = PBXFileReference; lastKnownFileType = sourcecode.swift; path = "Create New Exercise View.swift"; sourceTree = "<group>"; };
		49C399D32CA5ED690034B47A /* ExerciseData.swift */ = {isa = PBXFileReference; fileEncoding = 4; lastKnownFileType = sourcecode.swift; path = ExerciseData.swift; sourceTree = "<group>"; };
		49C4D2482C24BC7D0046F1AC /* DetailsView.swift */ = {isa = PBXFileReference; lastKnownFileType = sourcecode.swift; path = DetailsView.swift; sourceTree = "<group>"; };
		49D388632BF6FBAE009B0858 /* BackgroundColor.swift */ = {isa = PBXFileReference; lastKnownFileType = sourcecode.swift; path = BackgroundColor.swift; sourceTree = "<group>"; };
		49D71B5F2C45AB7500883CCC /* TabBar.swift */ = {isa = PBXFileReference; lastKnownFileType = sourcecode.swift; path = TabBar.swift; sourceTree = "<group>"; };
		49D71B612C45B8CF00883CCC /* NutritionView.swift */ = {isa = PBXFileReference; lastKnownFileType = sourcecode.swift; path = NutritionView.swift; sourceTree = "<group>"; };
		49D71B682C45BA7C00883CCC /* ProfileView.swift */ = {isa = PBXFileReference; lastKnownFileType = sourcecode.swift; path = ProfileView.swift; sourceTree = "<group>"; };
		49D84EC52C90E14600CA0016 /* ExerciseGroupView.swift */ = {isa = PBXFileReference; lastKnownFileType = sourcecode.swift; path = ExerciseGroupView.swift; sourceTree = "<group>"; };
		49DAE5422BDB62F200C71C43 /* Input.swift */ = {isa = PBXFileReference; lastKnownFileType = sourcecode.swift; path = Input.swift; sourceTree = "<group>"; };
/* End PBXFileReference section */

/* Begin PBXFrameworksBuildPhase section */
		491B5E0A2BAF04DD0078F00B /* Frameworks */ = {
			isa = PBXFrameworksBuildPhase;
			buildActionMask = 2147483647;
			files = (
				4920B9052CF111E6000ABA1A /* FirebaseAuth in Frameworks */,
				4920B9072CF111E6000ABA1A /* FirebaseFirestore in Frameworks */,
				4920B9092CF111E6000ABA1A /* FirebaseStorage in Frameworks */,
			);
			runOnlyForDeploymentPostprocessing = 0;
		};
/* End PBXFrameworksBuildPhase section */

/* Begin PBXGroup section */
		491B5E042BAF04DD0078F00B = {
			isa = PBXGroup;
			children = (
				491B5E0F2BAF04DD0078F00B /* Fitness App */,
				491B5E0E2BAF04DD0078F00B /* Products */,
			);
			sourceTree = "<group>";
		};
		491B5E0E2BAF04DD0078F00B /* Products */ = {
			isa = PBXGroup;
			children = (
				491B5E0D2BAF04DD0078F00B /* Fitness App.app */,
			);
			name = Products;
			sourceTree = "<group>";
		};
		491B5E0F2BAF04DD0078F00B /* Fitness App */ = {
			isa = PBXGroup;
			children = (
				491BFB6E2BD7194F00012ABA /* App */,
				49B9DE8F2C5171A100B4B43D /* Data */,
				49DAE5412BDB62C600C71C43 /* Reusable */,
				491BFB712BD71A0C00012ABA /* View */,
				491B5E142BAF04DE0078F00B /* Assets.xcassets */,
				4920B9012CF1108F000ABA1A /* GoogleService-Info.plist */,
				491B5E162BAF04DE0078F00B /* Preview Content */,
			);
			path = "Fitness App";
			sourceTree = "<group>";
		};
		491B5E162BAF04DE0078F00B /* Preview Content */ = {
			isa = PBXGroup;
			children = (
				491B5E172BAF04DE0078F00B /* Preview Assets.xcassets */,
			);
			path = "Preview Content";
			sourceTree = "<group>";
		};
		491BFB6E2BD7194F00012ABA /* App */ = {
			isa = PBXGroup;
			children = (
				491B5E102BAF04DD0078F00B /* Fitness_AppApp.swift */,
			);
			path = App;
			sourceTree = "<group>";
		};
		491BFB712BD71A0C00012ABA /* View */ = {
			isa = PBXGroup;
			children = (
				491B5E122BAF04DD0078F00B /* StartUp.swift */,
				49AF5A9A2C12545300ED6417 /* SignInView.swift */,
				49A3A0B82C17B67B00121870 /* NameView.swift */,
				49C4D2482C24BC7D0046F1AC /* DetailsView.swift */,
				49B25E6C2C3C839D00BC8907 /* LogInDetailsView.swift */,
				49D71B672C45B98000883CCC /* MainViews */,
			);
			path = View;
			sourceTree = "<group>";
		};
		49B9DE8F2C5171A100B4B43D /* Data */ = {
			isa = PBXGroup;
			children = (
				493CF90C2D00EF6E003654A2 /* AuthModel.swift */,
				49B9DE902C5171C800B4B43D /* ExercisesCategory.swift */,
				49BBF15B2C88F3BC00AAAE4D /* User.swift */,
				49C399D32CA5ED690034B47A /* ExerciseData.swift */,
				49726EFB2CD02A27004814B3 /* PreviewSampleData.swift */,
				49726EFD2CD02D27004814B3 /* PreviewExerciseData.swift */,
			);
			path = Data;
			sourceTree = "<group>";
		};
		49D71B672C45B98000883CCC /* MainViews */ = {
			isa = PBXGroup;
			children = (
				49D84EC22C90D5BD00CA0016 /* WorkoutViews */,
				49A2C7CD2C4044BB000E6B7D /* ExercisesView.swift */,
				49D71B612C45B8CF00883CCC /* NutritionView.swift */,
				49D71B682C45BA7C00883CCC /* ProfileView.swift */,
			);
			path = MainViews;
			sourceTree = "<group>";
		};
		49D84EC22C90D5BD00CA0016 /* WorkoutViews */ = {
			isa = PBXGroup;
			children = (
				49D84EC52C90E14600CA0016 /* ExerciseGroupView.swift */,
				49BC120D2CAB1C5900FD1C14 /* Create New Exercise View.swift */,
				49A92CFB2CBEE5FD007C3C6D /* EditGroupView.swift */,
			);
			path = WorkoutViews;
			sourceTree = "<group>";
		};
		49DAE5412BDB62C600C71C43 /* Reusable */ = {
			isa = PBXGroup;
			children = (
				49DAE5422BDB62F200C71C43 /* Input.swift */,
				49D388632BF6FBAE009B0858 /* BackgroundColor.swift */,
				49AA39E52C29F2D5005CE713 /* DetailsField.swift */,
				49AA39E72C29F437005CE713 /* Toolbar.swift */,
				49D71B5F2C45AB7500883CCC /* TabBar.swift */,
				49991E492C94A21700DAD4F8 /* WorkoutForm.swift */,
				49B8488A2CAC64120022F9BE /* NewExerciseDisclosureStyle.swift */,
				49B8488C2CAC69980022F9BE /* ChevronDisclosureStyle.swift */,
			);
			path = Reusable;
			sourceTree = "<group>";
		};
/* End PBXGroup section */

/* Begin PBXNativeTarget section */
		491B5E0C2BAF04DD0078F00B /* Fitness App */ = {
			isa = PBXNativeTarget;
			buildConfigurationList = 491B5E1B2BAF04DE0078F00B /* Build configuration list for PBXNativeTarget "Fitness App" */;
			buildPhases = (
				491B5E092BAF04DD0078F00B /* Sources */,
				491B5E0A2BAF04DD0078F00B /* Frameworks */,
				491B5E0B2BAF04DD0078F00B /* Resources */,
			);
			buildRules = (
			);
			dependencies = (
			);
			name = "Fitness App";
			productName = "Fitness App";
			productReference = 491B5E0D2BAF04DD0078F00B /* Fitness App.app */;
			productType = "com.apple.product-type.application";
		};
/* End PBXNativeTarget section */

/* Begin PBXProject section */
		491B5E052BAF04DD0078F00B /* Project object */ = {
			isa = PBXProject;
			attributes = {
				BuildIndependentTargetsInParallel = 1;
				LastSwiftUpdateCheck = 1500;
				LastUpgradeCheck = 1500;
				TargetAttributes = {
					491B5E0C2BAF04DD0078F00B = {
						CreatedOnToolsVersion = 15.0.1;
					};
				};
			};
			buildConfigurationList = 491B5E082BAF04DD0078F00B /* Build configuration list for PBXProject "Fitness App" */;
			compatibilityVersion = "Xcode 15.3";
			developmentRegion = en;
			hasScannedForEncodings = 0;
			knownRegions = (
				en,
				Base,
			);
			mainGroup = 491B5E042BAF04DD0078F00B;
			packageReferences = (
				4920B9032CF111E6000ABA1A /* XCRemoteSwiftPackageReference "firebase-ios-sdk" */,
			);
			productRefGroup = 491B5E0E2BAF04DD0078F00B /* Products */;
			projectDirPath = "";
			projectRoot = "";
			targets = (
				491B5E0C2BAF04DD0078F00B /* Fitness App */,
			);
		};
/* End PBXProject section */

/* Begin PBXResourcesBuildPhase section */
		491B5E0B2BAF04DD0078F00B /* Resources */ = {
			isa = PBXResourcesBuildPhase;
			buildActionMask = 2147483647;
			files = (
				491B5E182BAF04DE0078F00B /* Preview Assets.xcassets in Resources */,
				491B5E152BAF04DE0078F00B /* Assets.xcassets in Resources */,
				4920B9022CF1108F000ABA1A /* GoogleService-Info.plist in Resources */,
			);
			runOnlyForDeploymentPostprocessing = 0;
		};
/* End PBXResourcesBuildPhase section */

/* Begin PBXSourcesBuildPhase section */
		491B5E092BAF04DD0078F00B /* Sources */ = {
			isa = PBXSourcesBuildPhase;
			buildActionMask = 2147483647;
			files = (
				49AA39E82C29F437005CE713 /* Toolbar.swift in Sources */,
				49AF5A9B2C12545300ED6417 /* SignInView.swift in Sources */,
				49D71B602C45AB7500883CCC /* TabBar.swift in Sources */,
				493CF90D2D00EF83003654A2 /* AuthModel.swift in Sources */,
				49C4D2492C24BC7D0046F1AC /* DetailsView.swift in Sources */,
				49AA39E62C29F2D5005CE713 /* DetailsField.swift in Sources */,
				49D388642BF6FBAE009B0858 /* BackgroundColor.swift in Sources */,
				49B9DE912C5171C800B4B43D /* ExercisesCategory.swift in Sources */,
				49B25E6D2C3C839D00BC8907 /* LogInDetailsView.swift in Sources */,
				49726EFC2CD02A27004814B3 /* PreviewSampleData.swift in Sources */,
				49A92CFC2CBEE5FD007C3C6D /* EditGroupView.swift in Sources */,
				49D71B692C45BA7C00883CCC /* ProfileView.swift in Sources */,
				49B8488D2CAC69980022F9BE /* ChevronDisclosureStyle.swift in Sources */,
				49DAE5432BDB62F200C71C43 /* Input.swift in Sources */,
				49A3A0B92C17B67B00121870 /* NameView.swift in Sources */,
				49BC120E2CAB1C5900FD1C14 /* Create New Exercise View.swift in Sources */,
				491B5E132BAF04DD0078F00B /* StartUp.swift in Sources */,
				49B8488B2CAC64120022F9BE /* NewExerciseDisclosureStyle.swift in Sources */,
				49D84EC62C90E14600CA0016 /* ExerciseGroupView.swift in Sources */,
				49991E4A2C94A21700DAD4F8 /* WorkoutForm.swift in Sources */,
				49BBF15C2C88F3BC00AAAE4D /* User.swift in Sources */,
				49A2C7CE2C4044BB000E6B7D /* ExercisesView.swift in Sources */,
				491B5E112BAF04DD0078F00B /* Fitness_AppApp.swift in Sources */,
				49726EFE2CD02D27004814B3 /* PreviewExerciseData.swift in Sources */,
				49D71B622C45B8CF00883CCC /* NutritionView.swift in Sources */,
				49C399D42CA5ED690034B47A /* ExerciseData.swift in Sources */,
			);
			runOnlyForDeploymentPostprocessing = 0;
		};
/* End PBXSourcesBuildPhase section */

/* Begin XCBuildConfiguration section */
		491B5E192BAF04DE0078F00B /* Debug */ = {
			isa = XCBuildConfiguration;
			buildSettings = {
				ALWAYS_SEARCH_USER_PATHS = NO;
				ASSETCATALOG_COMPILER_GENERATE_SWIFT_ASSET_SYMBOL_EXTENSIONS = YES;
				CLANG_ANALYZER_NONNULL = YES;
				CLANG_ANALYZER_NUMBER_OBJECT_CONVERSION = YES_AGGRESSIVE;
				CLANG_CXX_LANGUAGE_STANDARD = "gnu++20";
				CLANG_ENABLE_MODULES = YES;
				CLANG_ENABLE_OBJC_ARC = YES;
				CLANG_ENABLE_OBJC_WEAK = YES;
				CLANG_WARN_BLOCK_CAPTURE_AUTORELEASING = YES;
				CLANG_WARN_BOOL_CONVERSION = YES;
				CLANG_WARN_COMMA = YES;
				CLANG_WARN_CONSTANT_CONVERSION = YES;
				CLANG_WARN_DEPRECATED_OBJC_IMPLEMENTATIONS = YES;
				CLANG_WARN_DIRECT_OBJC_ISA_USAGE = YES_ERROR;
				CLANG_WARN_DOCUMENTATION_COMMENTS = YES;
				CLANG_WARN_EMPTY_BODY = YES;
				CLANG_WARN_ENUM_CONVERSION = YES;
				CLANG_WARN_INFINITE_RECURSION = YES;
				CLANG_WARN_INT_CONVERSION = YES;
				CLANG_WARN_NON_LITERAL_NULL_CONVERSION = YES;
				CLANG_WARN_OBJC_IMPLICIT_RETAIN_SELF = YES;
				CLANG_WARN_OBJC_LITERAL_CONVERSION = YES;
				CLANG_WARN_OBJC_ROOT_CLASS = YES_ERROR;
				CLANG_WARN_QUOTED_INCLUDE_IN_FRAMEWORK_HEADER = YES;
				CLANG_WARN_RANGE_LOOP_ANALYSIS = YES;
				CLANG_WARN_STRICT_PROTOTYPES = YES;
				CLANG_WARN_SUSPICIOUS_MOVE = YES;
				CLANG_WARN_UNGUARDED_AVAILABILITY = YES_AGGRESSIVE;
				CLANG_WARN_UNREACHABLE_CODE = YES;
				CLANG_WARN__DUPLICATE_METHOD_MATCH = YES;
				COPY_PHASE_STRIP = NO;
				DEBUG_INFORMATION_FORMAT = dwarf;
				ENABLE_STRICT_OBJC_MSGSEND = YES;
				ENABLE_TESTABILITY = YES;
				ENABLE_USER_SCRIPT_SANDBOXING = YES;
				GCC_C_LANGUAGE_STANDARD = gnu17;
				GCC_DYNAMIC_NO_PIC = NO;
				GCC_NO_COMMON_BLOCKS = YES;
				GCC_OPTIMIZATION_LEVEL = 0;
				GCC_PREPROCESSOR_DEFINITIONS = (
					"DEBUG=1",
					"$(inherited)",
				);
				GCC_WARN_64_TO_32_BIT_CONVERSION = YES;
				GCC_WARN_ABOUT_RETURN_TYPE = YES_ERROR;
				GCC_WARN_UNDECLARED_SELECTOR = YES;
				GCC_WARN_UNINITIALIZED_AUTOS = YES_AGGRESSIVE;
				GCC_WARN_UNUSED_FUNCTION = YES;
				GCC_WARN_UNUSED_VARIABLE = YES;
				IPHONEOS_DEPLOYMENT_TARGET = 17.0;
				LOCALIZATION_PREFERS_STRING_CATALOGS = YES;
				MTL_ENABLE_DEBUG_INFO = INCLUDE_SOURCE;
				MTL_FAST_MATH = YES;
				ONLY_ACTIVE_ARCH = YES;
				SDKROOT = iphoneos;
				SWIFT_ACTIVE_COMPILATION_CONDITIONS = "DEBUG $(inherited)";
				SWIFT_OPTIMIZATION_LEVEL = "-Onone";
			};
			name = Debug;
		};
		491B5E1A2BAF04DE0078F00B /* Release */ = {
			isa = XCBuildConfiguration;
			buildSettings = {
				ALWAYS_SEARCH_USER_PATHS = NO;
				ASSETCATALOG_COMPILER_GENERATE_SWIFT_ASSET_SYMBOL_EXTENSIONS = YES;
				CLANG_ANALYZER_NONNULL = YES;
				CLANG_ANALYZER_NUMBER_OBJECT_CONVERSION = YES_AGGRESSIVE;
				CLANG_CXX_LANGUAGE_STANDARD = "gnu++20";
				CLANG_ENABLE_MODULES = YES;
				CLANG_ENABLE_OBJC_ARC = YES;
				CLANG_ENABLE_OBJC_WEAK = YES;
				CLANG_WARN_BLOCK_CAPTURE_AUTORELEASING = YES;
				CLANG_WARN_BOOL_CONVERSION = YES;
				CLANG_WARN_COMMA = YES;
				CLANG_WARN_CONSTANT_CONVERSION = YES;
				CLANG_WARN_DEPRECATED_OBJC_IMPLEMENTATIONS = YES;
				CLANG_WARN_DIRECT_OBJC_ISA_USAGE = YES_ERROR;
				CLANG_WARN_DOCUMENTATION_COMMENTS = YES;
				CLANG_WARN_EMPTY_BODY = YES;
				CLANG_WARN_ENUM_CONVERSION = YES;
				CLANG_WARN_INFINITE_RECURSION = YES;
				CLANG_WARN_INT_CONVERSION = YES;
				CLANG_WARN_NON_LITERAL_NULL_CONVERSION = YES;
				CLANG_WARN_OBJC_IMPLICIT_RETAIN_SELF = YES;
				CLANG_WARN_OBJC_LITERAL_CONVERSION = YES;
				CLANG_WARN_OBJC_ROOT_CLASS = YES_ERROR;
				CLANG_WARN_QUOTED_INCLUDE_IN_FRAMEWORK_HEADER = YES;
				CLANG_WARN_RANGE_LOOP_ANALYSIS = YES;
				CLANG_WARN_STRICT_PROTOTYPES = YES;
				CLANG_WARN_SUSPICIOUS_MOVE = YES;
				CLANG_WARN_UNGUARDED_AVAILABILITY = YES_AGGRESSIVE;
				CLANG_WARN_UNREACHABLE_CODE = YES;
				CLANG_WARN__DUPLICATE_METHOD_MATCH = YES;
				COPY_PHASE_STRIP = NO;
				DEBUG_INFORMATION_FORMAT = "dwarf-with-dsym";
				ENABLE_NS_ASSERTIONS = NO;
				ENABLE_STRICT_OBJC_MSGSEND = YES;
				ENABLE_USER_SCRIPT_SANDBOXING = YES;
				GCC_C_LANGUAGE_STANDARD = gnu17;
				GCC_NO_COMMON_BLOCKS = YES;
				GCC_WARN_64_TO_32_BIT_CONVERSION = YES;
				GCC_WARN_ABOUT_RETURN_TYPE = YES_ERROR;
				GCC_WARN_UNDECLARED_SELECTOR = YES;
				GCC_WARN_UNINITIALIZED_AUTOS = YES_AGGRESSIVE;
				GCC_WARN_UNUSED_FUNCTION = YES;
				GCC_WARN_UNUSED_VARIABLE = YES;
				IPHONEOS_DEPLOYMENT_TARGET = 17.0;
				LOCALIZATION_PREFERS_STRING_CATALOGS = YES;
				MTL_ENABLE_DEBUG_INFO = NO;
				MTL_FAST_MATH = YES;
				SDKROOT = iphoneos;
				SWIFT_COMPILATION_MODE = wholemodule;
				VALIDATE_PRODUCT = YES;
			};
			name = Release;
		};
		491B5E1C2BAF04DE0078F00B /* Debug */ = {
			isa = XCBuildConfiguration;
			buildSettings = {
				ASSETCATALOG_COMPILER_APPICON_NAME = AppIcon;
				ASSETCATALOG_COMPILER_GLOBAL_ACCENT_COLOR_NAME = LightWhite;
				CODE_SIGN_STYLE = Automatic;
				CURRENT_PROJECT_VERSION = 1;
				DEVELOPMENT_ASSET_PATHS = "\"Fitness App/Preview Content\"";
				DEVELOPMENT_TEAM = J2289GJ7F8;
				ENABLE_PREVIEWS = YES;
				GENERATE_INFOPLIST_FILE = YES;
				INFOPLIST_KEY_LSApplicationCategoryType = "public.app-category.healthcare-fitness";
				INFOPLIST_KEY_UIApplicationSceneManifest_Generation = YES;
				INFOPLIST_KEY_UIApplicationSupportsIndirectInputEvents = YES;
				INFOPLIST_KEY_UILaunchScreen_Generation = YES;
				INFOPLIST_KEY_UILaunchStoryboardName = "";
				INFOPLIST_KEY_UIStatusBarStyle = "";
				INFOPLIST_KEY_UISupportedInterfaceOrientations_iPad = "UIInterfaceOrientationPortrait UIInterfaceOrientationPortraitUpsideDown UIInterfaceOrientationLandscapeLeft UIInterfaceOrientationLandscapeRight";
				INFOPLIST_KEY_UISupportedInterfaceOrientations_iPhone = "UIInterfaceOrientationPortrait UIInterfaceOrientationLandscapeLeft UIInterfaceOrientationLandscapeRight";
				LD_RUNPATH_SEARCH_PATHS = (
					"$(inherited)",
					"@executable_path/Frameworks",
				);
				MARKETING_VERSION = 1.0;
				PRODUCT_BUNDLE_IDENTIFIER = "ADRios.Fitness-App";
				PRODUCT_NAME = "$(TARGET_NAME)";
				SWIFT_EMIT_LOC_STRINGS = YES;
				SWIFT_VERSION = 5.0;
				TARGETED_DEVICE_FAMILY = "1,2";
			};
			name = Debug;
		};
		491B5E1D2BAF04DE0078F00B /* Release */ = {
			isa = XCBuildConfiguration;
			buildSettings = {
				ASSETCATALOG_COMPILER_APPICON_NAME = AppIcon;
				ASSETCATALOG_COMPILER_GLOBAL_ACCENT_COLOR_NAME = LightWhite;
				CODE_SIGN_STYLE = Automatic;
				CURRENT_PROJECT_VERSION = 1;
				DEVELOPMENT_ASSET_PATHS = "\"Fitness App/Preview Content\"";
				DEVELOPMENT_TEAM = J2289GJ7F8;
				ENABLE_PREVIEWS = YES;
				GENERATE_INFOPLIST_FILE = YES;
				INFOPLIST_KEY_LSApplicationCategoryType = "public.app-category.healthcare-fitness";
				INFOPLIST_KEY_UIApplicationSceneManifest_Generation = YES;
				INFOPLIST_KEY_UIApplicationSupportsIndirectInputEvents = YES;
				INFOPLIST_KEY_UILaunchScreen_Generation = YES;
				INFOPLIST_KEY_UILaunchStoryboardName = "";
				INFOPLIST_KEY_UIStatusBarStyle = "";
				INFOPLIST_KEY_UISupportedInterfaceOrientations_iPad = "UIInterfaceOrientationPortrait UIInterfaceOrientationPortraitUpsideDown UIInterfaceOrientationLandscapeLeft UIInterfaceOrientationLandscapeRight";
				INFOPLIST_KEY_UISupportedInterfaceOrientations_iPhone = "UIInterfaceOrientationPortrait UIInterfaceOrientationLandscapeLeft UIInterfaceOrientationLandscapeRight";
				LD_RUNPATH_SEARCH_PATHS = (
					"$(inherited)",
					"@executable_path/Frameworks",
				);
				MARKETING_VERSION = 1.0;
				PRODUCT_BUNDLE_IDENTIFIER = "ADRios.Fitness-App";
				PRODUCT_NAME = "$(TARGET_NAME)";
				SWIFT_EMIT_LOC_STRINGS = YES;
				SWIFT_VERSION = 5.0;
				TARGETED_DEVICE_FAMILY = "1,2";
			};
			name = Release;
		};
/* End XCBuildConfiguration section */

/* Begin XCConfigurationList section */
		491B5E082BAF04DD0078F00B /* Build configuration list for PBXProject "Fitness App" */ = {
			isa = XCConfigurationList;
			buildConfigurations = (
				491B5E192BAF04DE0078F00B /* Debug */,
				491B5E1A2BAF04DE0078F00B /* Release */,
			);
			defaultConfigurationIsVisible = 0;
			defaultConfigurationName = Release;
		};
		491B5E1B2BAF04DE0078F00B /* Build configuration list for PBXNativeTarget "Fitness App" */ = {
			isa = XCConfigurationList;
			buildConfigurations = (
				491B5E1C2BAF04DE0078F00B /* Debug */,
				491B5E1D2BAF04DE0078F00B /* Release */,
			);
			defaultConfigurationIsVisible = 0;
			defaultConfigurationName = Release;
		};
/* End XCConfigurationList section */

/* Begin XCRemoteSwiftPackageReference section */
		4920B9032CF111E6000ABA1A /* XCRemoteSwiftPackageReference "firebase-ios-sdk" */ = {
			isa = XCRemoteSwiftPackageReference;
			repositoryURL = "https://github.com/firebase/firebase-ios-sdk";
			requirement = {
				kind = upToNextMajorVersion;
				minimumVersion = 11.5.0;
			};
		};
/* End XCRemoteSwiftPackageReference section */

/* Begin XCSwiftPackageProductDependency section */
		4920B9042CF111E6000ABA1A /* FirebaseAuth */ = {
			isa = XCSwiftPackageProductDependency;
			package = 4920B9032CF111E6000ABA1A /* XCRemoteSwiftPackageReference "firebase-ios-sdk" */;
			productName = FirebaseAuth;
		};
		4920B9062CF111E6000ABA1A /* FirebaseFirestore */ = {
			isa = XCSwiftPackageProductDependency;
			package = 4920B9032CF111E6000ABA1A /* XCRemoteSwiftPackageReference "firebase-ios-sdk" */;
			productName = FirebaseFirestore;
		};
		4920B9082CF111E6000ABA1A /* FirebaseStorage */ = {
			isa = XCSwiftPackageProductDependency;
			package = 4920B9032CF111E6000ABA1A /* XCRemoteSwiftPackageReference "firebase-ios-sdk" */;
			productName = FirebaseStorage;
		};
/* End XCSwiftPackageProductDependency section */
	};
	rootObject = 491B5E052BAF04DD0078F00B /* Project object */;
}
